
Microsoft Visual Studio Solution File, Format Version 11.00
# Visual Studio 2010
Project("{8BC9CEB8-8B4A-11D0-8D11-00A0C91BC942}") = "ExtremeRacing", "ExtremeRacing\ExtremeRacing.vcxproj", "{1A02DED6-FE4B-4BB2-A646-F5D70BA425BD}"
EndProject
Project("{8BC9CEB8-8B4A-11D0-8D11-00A0C91BC942}") = "StartWindow1", "StartWindow1\StartWindow1.vcxproj", "{6B0A6AF1-8006-488C-84E9-FF018C6EFE72}"
EndProject
Project("{8BC9CEB8-8B4A-11D0-8D11-00A0C91BC942}") = "StartWindow2", "StartWindow2\StartWindow2.vcxproj", "{C7495DD9-F288-44A7-A6ED-A178012E6A0B}"
EndProject
Global
	GlobalSection(SolutionConfigurationPlatforms) = preSolution
		Debug|Win32 = Debug|Win32
		Release|Win32 = Release|Win32
	EndGlobalSection
	GlobalSection(ProjectConfigurationPlatforms) = postSolution
		{1A02DED6-FE4B-4BB2-A646-F5D70BA425BD}.Debug|Win32.ActiveCfg = Debug|Win32
		{1A02DED6-FE4B-4BB2-A646-F5D70BA425BD}.Debug|Win32.Build.0 = Debug|Win32
		{1A02DED6-FE4B-4BB2-A646-F5D70BA425BD}.Release|Win32.ActiveCfg = Release|Win32
		{1A02DED6-FE4B-4BB2-A646-F5D70BA425BD}.Release|Win32.Build.0 = Release|Win32
		{6B0A6AF1-8006-488C-84E9-FF018C6EFE72}.Debug|Win32.ActiveCfg = Debug|Win32
		{6B0A6AF1-8006-488C-84E9-FF018C6EFE72}.Debug|Win32.Build.0 = Debug|Win32
		{6B0A6AF1-8006-488C-84E9-FF018C6EFE72}.Release|Win32.ActiveCfg = Release|Win32
		{6B0A6AF1-8006-488C-84E9-FF018C6EFE72}.Release|Win32.Build.0 = Release|Win32
		{C7495DD9-F288-44A7-A6ED-A178012E6A0B}.Debug|Win32.ActiveCfg = Debug|Win32
		{C7495DD9-F288-44A7-A6ED-A178012E6A0B}.Debug|Win32.Build.0 = Debug|Win32
		{C7495DD9-F288-44A7-A6ED-A178012E6A0B}.Release|Win32.ActiveCfg = Release|Win32
		{C7495DD9-F288-44A7-A6ED-A178012E6A0B}.Release|Win32.Build.0 = Release|Win32
	EndGlobalSection
	GlobalSection(SolutionProperties) = preSolution
		HideSolutionNode = FALSE
	EndGlobalSection
EndGlobal
